
Microsoft Visual Studio Solution File, Format Version 12.00
# Visual Studio 15
VisualStudioVersion = 15.0.28307.572
MinimumVisualStudioVersion = 10.0.40219.1
Project("{9A19103F-16F7-4668-BE54-9A1E7A4F7556}") = "WHMCS_2019", "WHMCS_2019.csproj", "{9B630335-7B24-46D0-8CEF-964971C75814}"
EndProject
Global
	GlobalSection(SolutionConfigurationPlatforms) = preSolution
		Debug|Any CPU = Debug|Any CPU
		Release|Any CPU = Release|Any CPU
	EndGlobalSection
	GlobalSection(ProjectConfigurationPlatforms) = postSolution
		{9B630335-7B24-46D0-8CEF-964971C75814}.Debug|Any CPU.ActiveCfg = Debug|Any CPU
		{9B630335-7B24-46D0-8CEF-964971C75814}.Debug|Any CPU.Build.0 = Debug|Any CPU
		{9B630335-7B24-46D0-8CEF-964971C75814}.Release|Any CPU.ActiveCfg = Release|Any CPU
		{9B630335-7B24-46D0-8CEF-964971C75814}.Release|Any CPU.Build.0 = Release|Any CPU
	EndGlobalSection
	GlobalSection(SolutionProperties) = preSolution
		HideSolutionNode = FALSE
	EndGlobalSection
	GlobalSection(ExtensibilityGlobals) = postSolution
		SolutionGuid = {DA8F92A6-9164-4A1C-B971-2B0F854B7E6D}
	EndGlobalSection
EndGlobal
